
Microsoft Visual Studio Solution File, Format Version 12.00
# Visual Studio 15
VisualStudioVersion = 15.0.28307.489
MinimumVisualStudioVersion = 10.0.40219.1
Project("{8BC9CEB8-8B4A-11D0-8D11-00A0C91BC942}") = "Summoners-Aster", "Summoners-Aster\Summoners-Aster.vcxproj", "{8DFA9C12-E9B6-43A0-B94A-F511E9F800EF}"
EndProject
Global
	GlobalSection(SolutionConfigurationPlatforms) = preSolution
		Debug|x64 = Debug|x64
		Debug|x86 = Debug|x86
		Release|x64 = Release|x64
		Release|x86 = Release|x86
	EndGlobalSection
	GlobalSection(ProjectConfigurationPlatforms) = postSolution
		{8DFA9C12-E9B6-43A0-B94A-F511E9F800EF}.Debug|x64.ActiveCfg = Debug|x64
		{8DFA9C12-E9B6-43A0-B94A-F511E9F800EF}.Debug|x64.Build.0 = Debug|x64
		{8DFA9C12-E9B6-43A0-B94A-F511E9F800EF}.Debug|x86.ActiveCfg = Debug|Win32
		{8DFA9C12-E9B6-43A0-B94A-F511E9F800EF}.Debug|x86.Build.0 = Debug|Win32
		{8DFA9C12-E9B6-43A0-B94A-F511E9F800EF}.Release|x64.ActiveCfg = Release|x64
		{8DFA9C12-E9B6-43A0-B94A-F511E9F800EF}.Release|x64.Build.0 = Release|x64
		{8DFA9C12-E9B6-43A0-B94A-F511E9F800EF}.Release|x86.ActiveCfg = Release|Win32
		{8DFA9C12-E9B6-43A0-B94A-F511E9F800EF}.Release|x86.Build.0 = Release|Win32
	EndGlobalSection
	GlobalSection(SolutionProperties) = preSolution
		HideSolutionNode = FALSE
	EndGlobalSection
	GlobalSection(ExtensibilityGlobals) = postSolution
		SolutionGuid = {81D973E6-3A36-4DF7-95E7-95275208AA12}
	EndGlobalSection
EndGlobal
