<?xml version="1.0" encoding="utf-8"?>
<Project ToolsVersion="4.0" xmlns="http://schemas.microsoft.com/developer/msbuild/2003">
  <ItemGroup>
    <Filter Include="リソース ファイル">
      <UniqueIdentifier>{67DA6AB6-F800-4c08-8B7A-83BB121AAD01}</UniqueIdentifier>
      <Extensions>rc;ico;cur;bmp;dlg;rc2;rct;bin;rgs;gif;jpg;jpeg;jpe;resx;tiff;tif;png;wav;mfcribbon-ms</Extensions>
    </Filter>
    <Filter Include="Main">
      <UniqueIdentifier>{67909a9e-4389-47ab-a7e4-48170e7da9a1}</UniqueIdentifier>
    </Filter>
    <Filter Include="SceneSwitcher">
      <UniqueIdentifier>{22b01504-ccdd-4865-88ad-add6ce58c177}</UniqueIdentifier>
    </Filter>
    <Filter Include="SceneSwitcher\Scene">
      <UniqueIdentifier>{2e231b9a-96b9-4c3c-a759-3434d13a896d}</UniqueIdentifier>
    </Filter>
    <Filter Include="ObjectIntegrator">
      <UniqueIdentifier>{edab391c-7862-4c43-98dd-af7e11b19188}</UniqueIdentifier>
    </Filter>
    <Filter Include="ObjectIntegrator\Object">
      <UniqueIdentifier>{3b3a01e3-004e-41c3-ba66-d85a5fb3bea5}</UniqueIdentifier>
    </Filter>
    <Filter Include="SceneSwitcher\Scene\TitleScene">
      <UniqueIdentifier>{430508bb-bda3-4c38-9f77-8cf21b1b219e}</UniqueIdentifier>
    </Filter>
    <Filter Include="SceneSwitcher\Scene\HomeScene">
      <UniqueIdentifier>{70f030b0-ec76-4b17-ad07-30cb11fd78e1}</UniqueIdentifier>
    </Filter>
    <Filter Include="SwitcherBase">
      <UniqueIdentifier>{b2fb9af3-0b8b-40ca-9498-51a163d3a8d3}</UniqueIdentifier>
    </Filter>
    <Filter Include="SceneSwitcher\Scene\MainScene">
      <UniqueIdentifier>{9fbb0ed9-8f0b-4884-a21c-e1d021ebd3c9}</UniqueIdentifier>
    </Filter>
    <Filter Include="SceneSwitcher\Scene\MainScene\Phase">
      <UniqueIdentifier>{be8b8195-cbe5-4084-a081-d9ad81e8c463}</UniqueIdentifier>
    </Filter>
    <Filter Include="Button">
      <UniqueIdentifier>{1bedf941-59c3-4559-b94f-941cb14a76a8}</UniqueIdentifier>
    </Filter>
    <Filter Include="SceneSwitcher\Scene\MainScene\Turn">
      <UniqueIdentifier>{ee118cbd-3597-496b-b5ae-e0d1ba79c024}</UniqueIdentifier>
    </Filter>
    <Filter Include="SceneSwitcher\Scene\MainScene\Step">
      <UniqueIdentifier>{4c074a2d-f2d8-4a86-8be2-a4a2411dfd18}</UniqueIdentifier>
    </Filter>
    <Filter Include="SceneSwitcher\Scene\MainScene\Step\PlayerInformationRenderingStep">
      <UniqueIdentifier>{560267b3-fee4-4b98-b214-bf9cfe200206}</UniqueIdentifier>
    </Filter>
    <Filter Include="SceneSwitcher\Scene\BattleScene">
      <UniqueIdentifier>{471de5b6-2536-417d-92bc-1e04c7239923}</UniqueIdentifier>
    </Filter>
    <Filter Include="SceneSwitcher\Scene\BattleScene\Deck">
      <UniqueIdentifier>{dabd720e-8425-473a-a1a2-f152663b7ac5}</UniqueIdentifier>
    </Filter>
    <Filter Include="SceneSwitcher\Scene\BattleScene\Hand">
      <UniqueIdentifier>{73c81bd9-6d3e-4528-ad4b-75c52fcc0fa2}</UniqueIdentifier>
    </Filter>
    <Filter Include="SceneSwitcher\Scene\BattleScene\BattlePlayer">
      <UniqueIdentifier>{045a0001-d10c-4ad1-a965-9e534eb99cf6}</UniqueIdentifier>
    </Filter>
    <Filter Include="SceneSwitcher\Scene\BattleScene\Cemetery">
      <UniqueIdentifier>{46579633-df13-42cc-bcdd-f177eae0b80b}</UniqueIdentifier>
    </Filter>
    <Filter Include="SceneSwitcher\Scene\BattleScene\HP">
      <UniqueIdentifier>{4117ba4e-a27c-4c64-9da6-4ed705250692}</UniqueIdentifier>
    </Filter>
    <Filter Include="SceneSwitcher\Scene\BattleScene\MP">
      <UniqueIdentifier>{b41754a4-e88d-43fc-9e1d-5f7871e29a50}</UniqueIdentifier>
    </Filter>
  </ItemGroup>
  <ItemGroup>
    <ClInclude Include="SceneSwitcher\SceneSwitcher.h">
      <Filter>SceneSwitcher</Filter>
    </ClInclude>
    <ClInclude Include="SceneSwitcher\Scene\Scene.h">
      <Filter>SceneSwitcher\Scene</Filter>
    </ClInclude>
    <ClInclude Include="ObjectIntegrator\ObjectIntegrator.h">
      <Filter>ObjectIntegrator</Filter>
    </ClInclude>
    <ClInclude Include="ObjectIntegrator\Object\Object.h">
      <Filter>ObjectIntegrator\Object</Filter>
    </ClInclude>
    <ClInclude Include="ObjectIntegrator\Object\Task.h">
      <Filter>ObjectIntegrator\Object</Filter>
    </ClInclude>
    <ClInclude Include="ObjectIntegrator\TaskScheduler.h">
      <Filter>ObjectIntegrator</Filter>
    </ClInclude>
    <ClInclude Include="SceneSwitcher\Scene\TitleScene\TitleScene.h">
      <Filter>SceneSwitcher\Scene\TitleScene</Filter>
    </ClInclude>
    <ClInclude Include="SceneSwitcher\Scene\TitleScene\TeamLogo.h">
      <Filter>SceneSwitcher\Scene\TitleScene</Filter>
    </ClInclude>
    <ClInclude Include="SceneSwitcher\Scene\TitleScene\GameTitle.h">
      <Filter>SceneSwitcher\Scene\TitleScene</Filter>
    </ClInclude>
    <ClInclude Include="SceneSwitcher\Scene\TitleScene\GameTitleStar.h">
      <Filter>SceneSwitcher\Scene\TitleScene</Filter>
    </ClInclude>
    <ClInclude Include="SceneSwitcher\Scene\TitleScene\TitleBack.h">
      <Filter>SceneSwitcher\Scene\TitleScene</Filter>
    </ClInclude>
    <ClInclude Include="SceneSwitcher\Scene\TitleScene\InputPrompt.h">
      <Filter>SceneSwitcher\Scene\TitleScene</Filter>
    </ClInclude>
    <ClInclude Include="SceneSwitcher\Scene\HomeScene\HomeScene.h">
      <Filter>SceneSwitcher\Scene\HomeScene</Filter>
    </ClInclude>
    <ClInclude Include="SceneSwitcher\Scene\HomeScene\HomeBack.h">
      <Filter>SceneSwitcher\Scene\HomeScene</Filter>
    </ClInclude>
    <ClInclude Include="SceneSwitcher\Scene\HomeScene\MenuButton.h">
      <Filter>SceneSwitcher\Scene\HomeScene</Filter>
    </ClInclude>
    <ClInclude Include="SceneSwitcher\Scene\HomeScene\DeckButton.h">
      <Filter>SceneSwitcher\Scene\HomeScene</Filter>
    </ClInclude>
    <ClInclude Include="SceneSwitcher\Scene\HomeScene\PlayerName.h">
      <Filter>SceneSwitcher\Scene\HomeScene</Filter>
    </ClInclude>
    <ClInclude Include="SceneSwitcher\Scene\HomeScene\ConnectButton.h">
      <Filter>SceneSwitcher\Scene\HomeScene</Filter>
    </ClInclude>
    <ClInclude Include="SceneSwitcher\Scene\HomeScene\CPUButton.h">
      <Filter>SceneSwitcher\Scene\HomeScene</Filter>
    </ClInclude>
    <ClInclude Include="SceneSwitcher\Scene\HomeScene\Player.h">
      <Filter>SceneSwitcher\Scene\HomeScene</Filter>
    </ClInclude>
    <ClInclude Include="SwitcherBase\SwitcherBase.h">
      <Filter>SwitcherBase</Filter>
    </ClInclude>
    <ClInclude Include="SwitcherBase\SwitchEventMediatorBase.h">
      <Filter>SwitcherBase</Filter>
    </ClInclude>
    <ClInclude Include="SwitcherBase\KindBase.h">
      <Filter>SwitcherBase</Filter>
    </ClInclude>
    <ClInclude Include="SceneSwitcher\Scene\MainScene\Phase\PhaseSwitcher.h">
      <Filter>SceneSwitcher\Scene\MainScene\Phase</Filter>
    </ClInclude>
    <ClInclude Include="SceneSwitcher\Scene\MainScene\Phase\Phase.h">
      <Filter>SceneSwitcher\Scene\MainScene\Phase</Filter>
    </ClInclude>
    <ClInclude Include="SceneSwitcher\Scene\MainScene\Phase\DrawPhase.h">
      <Filter>SceneSwitcher\Scene\MainScene\Phase</Filter>
    </ClInclude>
    <ClInclude Include="SceneSwitcher\Scene\MainScene\Phase\MainPhase.h">
      <Filter>SceneSwitcher\Scene\MainScene\Phase</Filter>
    </ClInclude>
    <ClInclude Include="Button\Button.h">
      <Filter>Button</Filter>
    </ClInclude>
    <ClInclude Include="SceneSwitcher\Scene\MainScene\Phase\EndPhase.h">
      <Filter>SceneSwitcher\Scene\MainScene\Phase</Filter>
    </ClInclude>
    <ClInclude Include="SceneSwitcher\Scene\MainScene\Turn\PhaseOperationStage.h">
      <Filter>SceneSwitcher\Scene\MainScene\Turn</Filter>
    </ClInclude>
    <ClInclude Include="SceneSwitcher\Scene\MainScene\Turn\Turn.h">
      <Filter>SceneSwitcher\Scene\MainScene\Turn</Filter>
    </ClInclude>
    <ClInclude Include="SceneSwitcher\Scene\MainScene\Turn\TurnStage.h">
      <Filter>SceneSwitcher\Scene\MainScene\Turn</Filter>
    </ClInclude>
    <ClInclude Include="SceneSwitcher\Scene\MainScene\Turn\TurnUIRenderingStage.h">
      <Filter>SceneSwitcher\Scene\MainScene\Turn</Filter>
    </ClInclude>
    <ClInclude Include="SceneSwitcher\Scene\MainScene\Step\Step.h">
      <Filter>SceneSwitcher\Scene\MainScene\Step</Filter>
    </ClInclude>
    <ClInclude Include="SceneSwitcher\Scene\MainScene\Step\StepSwitcher.h">
      <Filter>SceneSwitcher\Scene\MainScene\Step</Filter>
    </ClInclude>
    <ClInclude Include="SceneSwitcher\Scene\MainScene\Step\BattlePreparingStep.h">
      <Filter>SceneSwitcher\Scene\MainScene\Step</Filter>
    </ClInclude>
    <ClInclude Include="SceneSwitcher\Scene\MainScene\Step\BattleStep.h">
      <Filter>SceneSwitcher\Scene\MainScene\Step</Filter>
    </ClInclude>
    <ClInclude Include="SceneSwitcher\Scene\MainScene\Step\ResultStep.h">
      <Filter>SceneSwitcher\Scene\MainScene\Step</Filter>
    </ClInclude>
    <ClInclude Include="SceneSwitcher\Scene\MainScene\MainScene.h">
      <Filter>SceneSwitcher\Scene\MainScene</Filter>
    </ClInclude>
    <ClInclude Include="SceneSwitcher\Scene\MainScene\Step\PlayersInformationRenderingStep\PlayerIcon.h">
      <Filter>SceneSwitcher\Scene\MainScene\Step\PlayerInformationRenderingStep</Filter>
    </ClInclude>
    <ClInclude Include="SceneSwitcher\Scene\MainScene\Step\PlayersInformationRenderingStep\PlayersInformationRenderingStep.h">
      <Filter>SceneSwitcher\Scene\MainScene\Step\PlayerInformationRenderingStep</Filter>
    </ClInclude>
    <ClInclude Include="SceneSwitcher\Scene\BattleScene\Deck\Deck.h">
      <Filter>SceneSwitcher\Scene\BattleScene\Deck</Filter>
    </ClInclude>
    <ClInclude Include="SceneSwitcher\Scene\BattleScene\Hand\Hand.h">
      <Filter>SceneSwitcher\Scene\BattleScene\Hand</Filter>
    </ClInclude>
    <ClInclude Include="SceneSwitcher\Scene\BattleScene\Player\BattlePlayer.h">
      <Filter>SceneSwitcher\Scene\BattleScene\BattlePlayer</Filter>
    </ClInclude>
    <ClInclude Include="SceneSwitcher\Scene\BattleScene\Cemetery\Cemetery.h">
      <Filter>SceneSwitcher\Scene\BattleScene\Cemetery</Filter>
    </ClInclude>
    <ClInclude Include="SceneSwitcher\Scene\BattleScene\HP\HP.h">
      <Filter>SceneSwitcher\Scene\BattleScene\HP</Filter>
    </ClInclude>
    <ClInclude Include="SceneSwitcher\Scene\BattleScene\MP\MP.h">
      <Filter>SceneSwitcher\Scene\BattleScene\MP</Filter>
    </ClInclude>
    <ClInclude Include="SceneSwitcher\Scene\BattleScene\BattleObject.h">
      <Filter>SceneSwitcher\Scene\BattleScene</Filter>
    </ClInclude>
  </ItemGroup>
  <ItemGroup>
    <ClCompile Include="SceneSwitcher\SceneSwitcher.cpp">
      <Filter>SceneSwitcher</Filter>
    </ClCompile>
    <ClCompile Include="SceneSwitcher\Scene\Scene.cpp">
      <Filter>SceneSwitcher\Scene</Filter>
    </ClCompile>
    <ClCompile Include="Main\Main.cpp">
      <Filter>Main</Filter>
    </ClCompile>
    <ClCompile Include="ObjectIntegrator\ObjectIntegrator.cpp">
      <Filter>ObjectIntegrator</Filter>
    </ClCompile>
    <ClCompile Include="ObjectIntegrator\Object\Object.cpp">
      <Filter>ObjectIntegrator\Object</Filter>
    </ClCompile>
    <ClCompile Include="ObjectIntegrator\Object\Task.cpp">
      <Filter>ObjectIntegrator\Object</Filter>
    </ClCompile>
    <ClCompile Include="ObjectIntegrator\TaskScheduler.cpp">
      <Filter>ObjectIntegrator</Filter>
    </ClCompile>
    <ClCompile Include="SceneSwitcher\Scene\TitleScene\TitleScene.cpp">
      <Filter>SceneSwitcher\Scene\TitleScene</Filter>
    </ClCompile>
    <ClCompile Include="SceneSwitcher\Scene\TitleScene\TeamLogo.cpp">
      <Filter>SceneSwitcher\Scene\TitleScene</Filter>
    </ClCompile>
    <ClCompile Include="SceneSwitcher\Scene\TitleScene\GameTitle.cpp">
      <Filter>SceneSwitcher\Scene\TitleScene</Filter>
    </ClCompile>
    <ClCompile Include="SceneSwitcher\Scene\TitleScene\GameTitleStar.cpp">
      <Filter>SceneSwitcher\Scene\TitleScene</Filter>
    </ClCompile>
    <ClCompile Include="SceneSwitcher\Scene\TitleScene\TitleBack.cpp">
      <Filter>SceneSwitcher\Scene\TitleScene</Filter>
    </ClCompile>
    <ClCompile Include="SceneSwitcher\Scene\TitleScene\InputPrompt.cpp">
      <Filter>SceneSwitcher\Scene\TitleScene</Filter>
    </ClCompile>
    <ClCompile Include="SceneSwitcher\Scene\HomeScene\HomeScene.cpp">
      <Filter>SceneSwitcher\Scene\HomeScene</Filter>
    </ClCompile>
    <ClCompile Include="SceneSwitcher\Scene\HomeScene\HomeBack.cpp">
      <Filter>SceneSwitcher\Scene\HomeScene</Filter>
    </ClCompile>
    <ClCompile Include="SceneSwitcher\Scene\HomeScene\MenuButton.cpp">
      <Filter>SceneSwitcher\Scene\HomeScene</Filter>
    </ClCompile>
    <ClCompile Include="SceneSwitcher\Scene\HomeScene\DeckButton.cpp">
      <Filter>SceneSwitcher\Scene\HomeScene</Filter>
    </ClCompile>
    <ClCompile Include="SceneSwitcher\Scene\HomeScene\PlayerName.cpp">
      <Filter>SceneSwitcher\Scene\HomeScene</Filter>
    </ClCompile>
    <ClCompile Include="SceneSwitcher\Scene\HomeScene\ConnectButton.cpp">
      <Filter>SceneSwitcher\Scene\HomeScene</Filter>
    </ClCompile>
    <ClCompile Include="SceneSwitcher\Scene\HomeScene\CPUButton.cpp">
      <Filter>SceneSwitcher\Scene\HomeScene</Filter>
    </ClCompile>
    <ClCompile Include="SceneSwitcher\Scene\HomeScene\Player.cpp">
      <Filter>SceneSwitcher\Scene\HomeScene</Filter>
    </ClCompile>
    <ClCompile Include="SwitcherBase\KindBase.cpp">
      <Filter>SwitcherBase</Filter>
    </ClCompile>
    <ClCompile Include="SceneSwitcher\Scene\MainScene\Phase\PhaseSwitcher.cpp">
      <Filter>SceneSwitcher\Scene\MainScene\Phase</Filter>
    </ClCompile>
    <ClCompile Include="SceneSwitcher\Scene\MainScene\Phase\Phase.cpp">
      <Filter>SceneSwitcher\Scene\MainScene\Phase</Filter>
    </ClCompile>
    <ClCompile Include="SceneSwitcher\Scene\MainScene\Phase\DrawPhase.cpp">
      <Filter>SceneSwitcher\Scene\MainScene\Phase</Filter>
    </ClCompile>
    <ClCompile Include="SceneSwitcher\Scene\MainScene\Phase\MainPhase.cpp">
      <Filter>SceneSwitcher\Scene\MainScene\Phase</Filter>
    </ClCompile>
    <ClCompile Include="Button\Button.cpp">
      <Filter>Button</Filter>
    </ClCompile>
    <ClCompile Include="SceneSwitcher\Scene\MainScene\Phase\EndPhase.cpp">
      <Filter>SceneSwitcher\Scene\MainScene\Phase</Filter>
    </ClCompile>
    <ClCompile Include="SceneSwitcher\Scene\MainScene\Turn\Turn.cpp">
      <Filter>SceneSwitcher\Scene\MainScene\Turn</Filter>
    </ClCompile>
    <ClCompile Include="SceneSwitcher\Scene\MainScene\Turn\TurnStage.cpp">
      <Filter>SceneSwitcher\Scene\MainScene\Turn</Filter>
    </ClCompile>
    <ClCompile Include="SceneSwitcher\Scene\MainScene\Turn\TurnUIRenderingStage.cpp">
      <Filter>SceneSwitcher\Scene\MainScene\Turn</Filter>
    </ClCompile>
    <ClCompile Include="SceneSwitcher\Scene\MainScene\Step\Step.cpp">
      <Filter>SceneSwitcher\Scene\MainScene\Step</Filter>
    </ClCompile>
    <ClCompile Include="SceneSwitcher\Scene\MainScene\Step\StepSwitcher.cpp">
      <Filter>SceneSwitcher\Scene\MainScene\Step</Filter>
    </ClCompile>
    <ClCompile Include="SceneSwitcher\Scene\MainScene\Step\BattlePreparingStep.cpp">
      <Filter>SceneSwitcher\Scene\MainScene\Step</Filter>
    </ClCompile>
    <ClCompile Include="SceneSwitcher\Scene\MainScene\Step\BattleStep.cpp">
      <Filter>SceneSwitcher\Scene\MainScene\Step</Filter>
    </ClCompile>
    <ClCompile Include="SceneSwitcher\Scene\MainScene\Step\ResultStep.cpp">
      <Filter>SceneSwitcher\Scene\MainScene\Step</Filter>
    </ClCompile>
    <ClCompile Include="SceneSwitcher\Scene\MainScene\MainScene.cpp">
      <Filter>SceneSwitcher\Scene\MainScene</Filter>
    </ClCompile>
    <ClCompile Include="SceneSwitcher\Scene\MainScene\Turn\PhaseOperationStage.cpp">
      <Filter>SceneSwitcher\Scene\MainScene\Turn</Filter>
    </ClCompile>
    <ClCompile Include="SceneSwitcher\Scene\MainScene\Step\PlayersInformationRenderingStep\PlayerIcon.cpp">
      <Filter>SceneSwitcher\Scene\MainScene\Step\PlayerInformationRenderingStep</Filter>
    </ClCompile>
    <ClCompile Include="SceneSwitcher\Scene\MainScene\Step\PlayersInformationRenderingStep\PlayersInformationRenderingStep.cpp">
      <Filter>SceneSwitcher\Scene\MainScene\Step\PlayerInformationRenderingStep</Filter>
    </ClCompile>
    <ClCompile Include="SceneSwitcher\Scene\BattleScene\Deck\Deck.cpp">
      <Filter>SceneSwitcher\Scene\BattleScene\Deck</Filter>
    </ClCompile>
    <ClCompile Include="SceneSwitcher\Scene\BattleScene\Hand\Hand.cpp">
      <Filter>SceneSwitcher\Scene\BattleScene\Hand</Filter>
    </ClCompile>
    <ClCompile Include="SceneSwitcher\Scene\BattleScene\Player\BattlePlayer.cpp">
      <Filter>SceneSwitcher\Scene\BattleScene\BattlePlayer</Filter>
    </ClCompile>
    <ClCompile Include="SceneSwitcher\Scene\BattleScene\Cemetery\Cemetery.cpp">
      <Filter>SceneSwitcher\Scene\BattleScene\Cemetery</Filter>
    </ClCompile>
    <ClCompile Include="SceneSwitcher\Scene\BattleScene\HP\HP.cpp">
      <Filter>SceneSwitcher\Scene\BattleScene\HP</Filter>
    </ClCompile>
    <ClCompile Include="SceneSwitcher\Scene\BattleScene\MP\MP.cpp">
      <Filter>SceneSwitcher\Scene\BattleScene\MP</Filter>
    </ClCompile>
    <ClCompile Include="SceneSwitcher\Scene\BattleScene\BattleObject.cpp">
      <Filter>SceneSwitcher\Scene\BattleScene</Filter>
    </ClCompile>
  </ItemGroup>
</Project>