<?xml version="1.0" encoding="utf-8"?>
<Project ToolsVersion="4.0" xmlns="http://schemas.microsoft.com/developer/msbuild/2003">
  <ItemGroup>
    <Filter Include="リソース ファイル">
      <UniqueIdentifier>{67DA6AB6-F800-4c08-8B7A-83BB121AAD01}</UniqueIdentifier>
      <Extensions>rc;ico;cur;bmp;dlg;rc2;rct;bin;rgs;gif;jpg;jpeg;jpe;resx;tiff;tif;png;wav;mfcribbon-ms</Extensions>
    </Filter>
    <Filter Include="Main">
      <UniqueIdentifier>{67909a9e-4389-47ab-a7e4-48170e7da9a1}</UniqueIdentifier>
    </Filter>
    <Filter Include="SceneSwitcher">
      <UniqueIdentifier>{22b01504-ccdd-4865-88ad-add6ce58c177}</UniqueIdentifier>
    </Filter>
    <Filter Include="SceneSwitcher\Scene">
      <UniqueIdentifier>{2e231b9a-96b9-4c3c-a759-3434d13a896d}</UniqueIdentifier>
    </Filter>
    <Filter Include="ObjectIntegrator">
      <UniqueIdentifier>{edab391c-7862-4c43-98dd-af7e11b19188}</UniqueIdentifier>
    </Filter>
    <Filter Include="ObjectIntegrator\Object">
      <UniqueIdentifier>{3b3a01e3-004e-41c3-ba66-d85a5fb3bea5}</UniqueIdentifier>
    </Filter>
    <Filter Include="SceneSwitcher\Scene\TitleScene">
      <UniqueIdentifier>{430508bb-bda3-4c38-9f77-8cf21b1b219e}</UniqueIdentifier>
    </Filter>
    <Filter Include="SceneSwitcher\Scene\HomeScene">
      <UniqueIdentifier>{70f030b0-ec76-4b17-ad07-30cb11fd78e1}</UniqueIdentifier>
    </Filter>
    <Filter Include="SwitcherBase">
      <UniqueIdentifier>{b2fb9af3-0b8b-40ca-9498-51a163d3a8d3}</UniqueIdentifier>
    </Filter>
    <Filter Include="Button">
      <UniqueIdentifier>{1bedf941-59c3-4559-b94f-941cb14a76a8}</UniqueIdentifier>
    </Filter>
  </ItemGroup>
  <ItemGroup>
    <ClInclude Include="SceneSwitcher\SceneSwitcher.h">
      <Filter>SceneSwitcher</Filter>
    </ClInclude>
    <ClInclude Include="SceneSwitcher\Scene\Scene.h">
      <Filter>SceneSwitcher\Scene</Filter>
    </ClInclude>
    <ClInclude Include="ObjectIntegrator\ObjectIntegrator.h">
      <Filter>ObjectIntegrator</Filter>
    </ClInclude>
    <ClInclude Include="ObjectIntegrator\Object\Object.h">
      <Filter>ObjectIntegrator\Object</Filter>
    </ClInclude>
    <ClInclude Include="ObjectIntegrator\Object\Task.h">
      <Filter>ObjectIntegrator\Object</Filter>
    </ClInclude>
    <ClInclude Include="ObjectIntegrator\TaskScheduler.h">
      <Filter>ObjectIntegrator</Filter>
    </ClInclude>
    <ClInclude Include="SceneSwitcher\Scene\TitleScene\TitleScene.h">
      <Filter>SceneSwitcher\Scene\TitleScene</Filter>
    </ClInclude>
    <ClInclude Include="SceneSwitcher\Scene\TitleScene\TeamLogo.h">
      <Filter>SceneSwitcher\Scene\TitleScene</Filter>
    </ClInclude>
    <ClInclude Include="SceneSwitcher\Scene\TitleScene\GameTitle.h">
      <Filter>SceneSwitcher\Scene\TitleScene</Filter>
    </ClInclude>
    <ClInclude Include="SceneSwitcher\Scene\TitleScene\GameTitleStar.h">
      <Filter>SceneSwitcher\Scene\TitleScene</Filter>
    </ClInclude>
    <ClInclude Include="SceneSwitcher\Scene\TitleScene\TitleBack.h">
      <Filter>SceneSwitcher\Scene\TitleScene</Filter>
    </ClInclude>
    <ClInclude Include="SceneSwitcher\Scene\TitleScene\InputPrompt.h">
      <Filter>SceneSwitcher\Scene\TitleScene</Filter>
    </ClInclude>
    <ClInclude Include="SceneSwitcher\Scene\HomeScene\HomeScene.h">
      <Filter>SceneSwitcher\Scene\HomeScene</Filter>
    </ClInclude>
    <ClInclude Include="SceneSwitcher\Scene\HomeScene\HomeBack.h">
      <Filter>SceneSwitcher\Scene\HomeScene</Filter>
    </ClInclude>
    <ClInclude Include="SceneSwitcher\Scene\HomeScene\MenuButton.h">
      <Filter>SceneSwitcher\Scene\HomeScene</Filter>
    </ClInclude>
    <ClInclude Include="SceneSwitcher\Scene\HomeScene\DeckButton.h">
      <Filter>SceneSwitcher\Scene\HomeScene</Filter>
    </ClInclude>
    <ClInclude Include="SceneSwitcher\Scene\HomeScene\PlayerName.h">
      <Filter>SceneSwitcher\Scene\HomeScene</Filter>
    </ClInclude>
    <ClInclude Include="SceneSwitcher\Scene\HomeScene\ConnectButton.h">
      <Filter>SceneSwitcher\Scene\HomeScene</Filter>
    </ClInclude>
    <ClInclude Include="SceneSwitcher\Scene\HomeScene\CPUButton.h">
      <Filter>SceneSwitcher\Scene\HomeScene</Filter>
    </ClInclude>
    <ClInclude Include="SceneSwitcher\Scene\HomeScene\Player.h">
      <Filter>SceneSwitcher\Scene\HomeScene</Filter>
    </ClInclude>
    <ClInclude Include="SwitcherBase\SwitcherBase.h">
      <Filter>SwitcherBase</Filter>
    </ClInclude>
    <ClInclude Include="SwitcherBase\SwitchEventMediatorBase.h">
      <Filter>SwitcherBase</Filter>
    </ClInclude>
    <ClInclude Include="SwitcherBase\KindBase.h">
      <Filter>SwitcherBase</Filter>
    </ClInclude>
    <ClInclude Include="Button\Button.h">
      <Filter>Button</Filter>
    </ClInclude>
  </ItemGroup>
  <ItemGroup>
    <ClCompile Include="SceneSwitcher\SceneSwitcher.cpp">
      <Filter>SceneSwitcher</Filter>
    </ClCompile>
    <ClCompile Include="SceneSwitcher\Scene\Scene.cpp">
      <Filter>SceneSwitcher\Scene</Filter>
    </ClCompile>
    <ClCompile Include="Main\Main.cpp">
      <Filter>Main</Filter>
    </ClCompile>
    <ClCompile Include="ObjectIntegrator\ObjectIntegrator.cpp">
      <Filter>ObjectIntegrator</Filter>
    </ClCompile>
    <ClCompile Include="ObjectIntegrator\Object\Object.cpp">
      <Filter>ObjectIntegrator\Object</Filter>
    </ClCompile>
    <ClCompile Include="ObjectIntegrator\Object\Task.cpp">
      <Filter>ObjectIntegrator\Object</Filter>
    </ClCompile>
    <ClCompile Include="ObjectIntegrator\TaskScheduler.cpp">
      <Filter>ObjectIntegrator</Filter>
    </ClCompile>
    <ClCompile Include="SceneSwitcher\Scene\TitleScene\TitleScene.cpp">
      <Filter>SceneSwitcher\Scene\TitleScene</Filter>
    </ClCompile>
    <ClCompile Include="SceneSwitcher\Scene\TitleScene\TeamLogo.cpp">
      <Filter>SceneSwitcher\Scene\TitleScene</Filter>
    </ClCompile>
    <ClCompile Include="SceneSwitcher\Scene\TitleScene\GameTitle.cpp">
      <Filter>SceneSwitcher\Scene\TitleScene</Filter>
    </ClCompile>
    <ClCompile Include="SceneSwitcher\Scene\TitleScene\GameTitleStar.cpp">
      <Filter>SceneSwitcher\Scene\TitleScene</Filter>
    </ClCompile>
    <ClCompile Include="SceneSwitcher\Scene\TitleScene\TitleBack.cpp">
      <Filter>SceneSwitcher\Scene\TitleScene</Filter>
    </ClCompile>
    <ClCompile Include="SceneSwitcher\Scene\TitleScene\InputPrompt.cpp">
      <Filter>SceneSwitcher\Scene\TitleScene</Filter>
    </ClCompile>
    <ClCompile Include="SceneSwitcher\Scene\HomeScene\HomeScene.cpp">
      <Filter>SceneSwitcher\Scene\HomeScene</Filter>
    </ClCompile>
    <ClCompile Include="SceneSwitcher\Scene\HomeScene\HomeBack.cpp">
      <Filter>SceneSwitcher\Scene\HomeScene</Filter>
    </ClCompile>
    <ClCompile Include="SceneSwitcher\Scene\HomeScene\MenuButton.cpp">
      <Filter>SceneSwitcher\Scene\HomeScene</Filter>
    </ClCompile>
    <ClCompile Include="SceneSwitcher\Scene\HomeScene\DeckButton.cpp">
      <Filter>SceneSwitcher\Scene\HomeScene</Filter>
    </ClCompile>
    <ClCompile Include="SceneSwitcher\Scene\HomeScene\PlayerName.cpp">
      <Filter>SceneSwitcher\Scene\HomeScene</Filter>
    </ClCompile>
    <ClCompile Include="SceneSwitcher\Scene\HomeScene\ConnectButton.cpp">
      <Filter>SceneSwitcher\Scene\HomeScene</Filter>
    </ClCompile>
    <ClCompile Include="SceneSwitcher\Scene\HomeScene\CPUButton.cpp">
      <Filter>SceneSwitcher\Scene\HomeScene</Filter>
    </ClCompile>
    <ClCompile Include="SceneSwitcher\Scene\HomeScene\Player.cpp">
      <Filter>SceneSwitcher\Scene\HomeScene</Filter>
    </ClCompile>
    <ClCompile Include="SwitcherBase\KindBase.cpp">
      <Filter>SwitcherBase</Filter>
    </ClCompile>
    <ClCompile Include="Button\Button.cpp">
      <Filter>Button</Filter>
    </ClCompile>
  </ItemGroup>
</Project>