<?xml version="1.0" encoding="utf-8"?>
<Project ToolsVersion="4.0" xmlns="http://schemas.microsoft.com/developer/msbuild/2003">
  <ItemGroup>
    <Filter Include="Main">
      <UniqueIdentifier>{67909a9e-4389-47ab-a7e4-48170e7da9a1}</UniqueIdentifier>
    </Filter>
    <Filter Include="SceneSwitcher">
      <UniqueIdentifier>{22b01504-ccdd-4865-88ad-add6ce58c177}</UniqueIdentifier>
    </Filter>
    <Filter Include="SceneSwitcher\Scene">
      <UniqueIdentifier>{2e231b9a-96b9-4c3c-a759-3434d13a896d}</UniqueIdentifier>
    </Filter>
    <Filter Include="ObjectIntegrator">
      <UniqueIdentifier>{edab391c-7862-4c43-98dd-af7e11b19188}</UniqueIdentifier>
    </Filter>
    <Filter Include="SceneSwitcher\Scene\TitleScene">
      <UniqueIdentifier>{430508bb-bda3-4c38-9f77-8cf21b1b219e}</UniqueIdentifier>
    </Filter>
    <Filter Include="SceneSwitcher\Scene\HomeScene">
      <UniqueIdentifier>{70f030b0-ec76-4b17-ad07-30cb11fd78e1}</UniqueIdentifier>
    </Filter>
    <Filter Include="SwitcherBase">
      <UniqueIdentifier>{b2fb9af3-0b8b-40ca-9498-51a163d3a8d3}</UniqueIdentifier>
    </Filter>
    <Filter Include="SceneSwitcher\Scene\MainScene">
      <UniqueIdentifier>{9fbb0ed9-8f0b-4884-a21c-e1d021ebd3c9}</UniqueIdentifier>
    </Filter>
    <Filter Include="SceneSwitcher\Scene\MainScene\Phase">
      <UniqueIdentifier>{be8b8195-cbe5-4084-a081-d9ad81e8c463}</UniqueIdentifier>
    </Filter>
    <Filter Include="Button">
      <UniqueIdentifier>{1bedf941-59c3-4559-b94f-941cb14a76a8}</UniqueIdentifier>
    </Filter>
    <Filter Include="SceneSwitcher\Scene\MainScene\Turn">
      <UniqueIdentifier>{ee118cbd-3597-496b-b5ae-e0d1ba79c024}</UniqueIdentifier>
    </Filter>
    <Filter Include="SceneSwitcher\Scene\MainScene\Step">
      <UniqueIdentifier>{4c074a2d-f2d8-4a86-8be2-a4a2411dfd18}</UniqueIdentifier>
    </Filter>
    <Filter Include="Card">
      <UniqueIdentifier>{08590bd1-4f59-4b9b-b482-69139234c88f}</UniqueIdentifier>
    </Filter>
    <Filter Include="SceneSwitcher\Scene\MainScene\Step\PlayerInformationRenderingStep">
      <UniqueIdentifier>{560267b3-fee4-4b98-b214-bf9cfe200206}</UniqueIdentifier>
    </Filter>
    <Filter Include="SceneSwitcher\Scene\MainScene\Field">
      <UniqueIdentifier>{59585a46-eef8-458f-b02e-dfc7fb92ff0e}</UniqueIdentifier>
    </Filter>
    <Filter Include="SceneSwitcher\Scene\MainScene\Cemetery">
      <UniqueIdentifier>{46579633-df13-42cc-bcdd-f177eae0b80b}</UniqueIdentifier>
    </Filter>
    <Filter Include="SceneSwitcher\Scene\MainScene\Deck">
      <UniqueIdentifier>{dabd720e-8425-473a-a1a2-f152663b7ac5}</UniqueIdentifier>
    </Filter>
    <Filter Include="SceneSwitcher\Scene\MainScene\Hand">
      <UniqueIdentifier>{73c81bd9-6d3e-4528-ad4b-75c52fcc0fa2}</UniqueIdentifier>
    </Filter>
    <Filter Include="SceneSwitcher\Scene\MainScene\HP">
      <UniqueIdentifier>{4117ba4e-a27c-4c64-9da6-4ed705250692}</UniqueIdentifier>
    </Filter>
    <Filter Include="Card\Follower">
      <UniqueIdentifier>{4e9bd5ca-dc4b-441b-94e6-21a8043c0414}</UniqueIdentifier>
    </Filter>
    <Filter Include="SceneSwitcher\Scene\MainScene\MP">
      <UniqueIdentifier>{b41754a4-e88d-43fc-9e1d-5f7871e29a50}</UniqueIdentifier>
    </Filter>
    <Filter Include="Card\Spell">
      <UniqueIdentifier>{cbfe243c-c55c-4d30-a1d2-ee7e31c5a2b6}</UniqueIdentifier>
    </Filter>
    <Filter Include="SceneSwitcher\Scene\MainScene\BattlePlayer">
      <UniqueIdentifier>{045a0001-d10c-4ad1-a965-9e534eb99cf6}</UniqueIdentifier>
    </Filter>
    <Filter Include="Card\Weapon">
      <UniqueIdentifier>{1f8a2190-ecf4-4678-b863-d53b82adea3f}</UniqueIdentifier>
    </Filter>
    <Filter Include="SceneSwitcher\Scene\MainScene\RotationTickets">
      <UniqueIdentifier>{b4f283fc-797f-4a6a-9eec-b1b6a5f777ff}</UniqueIdentifier>
    </Filter>
    <Filter Include="Card\Ability">
      <UniqueIdentifier>{0c142e45-613c-453e-b822-6e16a1323567}</UniqueIdentifier>
    </Filter>
    <Filter Include="SceneSwitcher\Scene\MainScene\MovableCard">
      <UniqueIdentifier>{df752b44-c215-4b12-af95-a8780734d528}</UniqueIdentifier>
    </Filter>
    <Filter Include="GraphicEffects">
      <UniqueIdentifier>{82e8d381-5901-4a2d-985c-185033a6bc83}</UniqueIdentifier>
    </Filter>
    <Filter Include="SceneSwitcher\Scene\MainScene\WeaponHolder">
      <UniqueIdentifier>{419496bb-0c10-4231-bb83-9524ab94ca07}</UniqueIdentifier>
    </Filter>
    <Filter Include="SceneSwitcher\Scene\MainScene\CardTransporter">
      <UniqueIdentifier>{800de5bb-071d-45bc-8eba-18c402b3ffe6}</UniqueIdentifier>
    </Filter>
    <Filter Include="Object">
      <UniqueIdentifier>{3b3a01e3-004e-41c3-ba66-d85a5fb3bea5}</UniqueIdentifier>
    </Filter>
    <Filter Include="SceneSwitcher\Scene\DeckEditScene">
      <UniqueIdentifier>{13e93ccf-1cf2-4e05-99e8-ca841108589b}</UniqueIdentifier>
    </Filter>
    <Filter Include="SceneSwitcher\Scene\DeckEditScene\EditDeck">
      <UniqueIdentifier>{dabd720e-8425-473a-a1a2-f152663b7ac5}</UniqueIdentifier>
    </Filter>
    <Filter Include="SceneSwitcher\Scene\DeckEditScene\HavingCards">
      <UniqueIdentifier>{86f1f8c5-dba8-4a3a-acbd-bc45940bc17f}</UniqueIdentifier>
    </Filter>
    <Filter Include="GraphicEffects\Behavior">
      <UniqueIdentifier>{be15ed9c-31ca-4f71-ae9d-ae9100bedc4f}</UniqueIdentifier>
    </Filter>
    <Filter Include="GraphicEffects\Part">
      <UniqueIdentifier>{96364490-265e-4342-9db1-533a2be9f429}</UniqueIdentifier>
    </Filter>
    <Filter Include="Shader">
      <UniqueIdentifier>{a6b11ef9-0941-44f3-949d-338f7967057b}</UniqueIdentifier>
    </Filter>
  </ItemGroup>
  <ItemGroup>
    <ClInclude Include="SceneSwitcher\SceneSwitcher.h">
      <Filter>SceneSwitcher</Filter>
    </ClInclude>
    <ClInclude Include="SceneSwitcher\Scene\Scene.h">
      <Filter>SceneSwitcher\Scene</Filter>
    </ClInclude>
    <ClInclude Include="ObjectIntegrator\ObjectIntegrator.h">
      <Filter>ObjectIntegrator</Filter>
    </ClInclude>
    <ClInclude Include="ObjectIntegrator\Object\Object.h">
      <Filter>Object</Filter>
    </ClInclude>
    <ClInclude Include="ObjectIntegrator\Object\Task.h">
      <Filter>Object</Filter>
    </ClInclude>
    <ClInclude Include="ObjectIntegrator\TaskScheduler.h">
      <Filter>ObjectIntegrator</Filter>
    </ClInclude>
    <ClInclude Include="SceneSwitcher\Scene\TitleScene\TitleScene.h">
      <Filter>SceneSwitcher\Scene\TitleScene</Filter>
    </ClInclude>
    <ClInclude Include="SceneSwitcher\Scene\TitleScene\TeamLogo.h">
      <Filter>SceneSwitcher\Scene\TitleScene</Filter>
    </ClInclude>
    <ClInclude Include="SceneSwitcher\Scene\TitleScene\GameTitle.h">
      <Filter>SceneSwitcher\Scene\TitleScene</Filter>
    </ClInclude>
    <ClInclude Include="SceneSwitcher\Scene\TitleScene\GameTitleStar.h">
      <Filter>SceneSwitcher\Scene\TitleScene</Filter>
    </ClInclude>
    <ClInclude Include="SceneSwitcher\Scene\TitleScene\TitleBack.h">
      <Filter>SceneSwitcher\Scene\TitleScene</Filter>
    </ClInclude>
    <ClInclude Include="SceneSwitcher\Scene\TitleScene\InputPrompt.h">
      <Filter>SceneSwitcher\Scene\TitleScene</Filter>
    </ClInclude>
    <ClInclude Include="SceneSwitcher\Scene\HomeScene\HomeScene.h">
      <Filter>SceneSwitcher\Scene\HomeScene</Filter>
    </ClInclude>
    <ClInclude Include="SceneSwitcher\Scene\HomeScene\HomeBack.h">
      <Filter>SceneSwitcher\Scene\HomeScene</Filter>
    </ClInclude>
    <ClInclude Include="SceneSwitcher\Scene\HomeScene\MenuButton.h">
      <Filter>SceneSwitcher\Scene\HomeScene</Filter>
    </ClInclude>
    <ClInclude Include="SceneSwitcher\Scene\HomeScene\DeckButton.h">
      <Filter>SceneSwitcher\Scene\HomeScene</Filter>
    </ClInclude>
    <ClInclude Include="SceneSwitcher\Scene\HomeScene\PlayerName.h">
      <Filter>SceneSwitcher\Scene\HomeScene</Filter>
    </ClInclude>
    <ClInclude Include="SceneSwitcher\Scene\HomeScene\ConnectButton.h">
      <Filter>SceneSwitcher\Scene\HomeScene</Filter>
    </ClInclude>
    <ClInclude Include="SceneSwitcher\Scene\HomeScene\CPUButton.h">
      <Filter>SceneSwitcher\Scene\HomeScene</Filter>
    </ClInclude>
    <ClInclude Include="SceneSwitcher\Scene\HomeScene\Player.h">
      <Filter>SceneSwitcher\Scene\HomeScene</Filter>
    </ClInclude>
    <ClInclude Include="SwitcherBase\SwitcherBase.h">
      <Filter>SwitcherBase</Filter>
    </ClInclude>
    <ClInclude Include="SwitcherBase\SwitchEventMediatorBase.h">
      <Filter>SwitcherBase</Filter>
    </ClInclude>
    <ClInclude Include="SwitcherBase\KindBase.h">
      <Filter>SwitcherBase</Filter>
    </ClInclude>
    <ClInclude Include="SceneSwitcher\Scene\MainScene\Phase\PhaseSwitcher.h">
      <Filter>SceneSwitcher\Scene\MainScene\Phase</Filter>
    </ClInclude>
    <ClInclude Include="SceneSwitcher\Scene\MainScene\Phase\Phase.h">
      <Filter>SceneSwitcher\Scene\MainScene\Phase</Filter>
    </ClInclude>
    <ClInclude Include="SceneSwitcher\Scene\MainScene\Phase\DrawPhase.h">
      <Filter>SceneSwitcher\Scene\MainScene\Phase</Filter>
    </ClInclude>
    <ClInclude Include="SceneSwitcher\Scene\MainScene\Phase\MainPhase.h">
      <Filter>SceneSwitcher\Scene\MainScene\Phase</Filter>
    </ClInclude>
    <ClInclude Include="Button\Button.h">
      <Filter>Button</Filter>
    </ClInclude>
    <ClInclude Include="SceneSwitcher\Scene\MainScene\Phase\EndPhase.h">
      <Filter>SceneSwitcher\Scene\MainScene\Phase</Filter>
    </ClInclude>
    <ClInclude Include="SceneSwitcher\Scene\MainScene\Turn\PhaseOperationStage.h">
      <Filter>SceneSwitcher\Scene\MainScene\Turn</Filter>
    </ClInclude>
    <ClInclude Include="SceneSwitcher\Scene\MainScene\Turn\Turn.h">
      <Filter>SceneSwitcher\Scene\MainScene\Turn</Filter>
    </ClInclude>
    <ClInclude Include="SceneSwitcher\Scene\MainScene\Turn\TurnStage.h">
      <Filter>SceneSwitcher\Scene\MainScene\Turn</Filter>
    </ClInclude>
    <ClInclude Include="SceneSwitcher\Scene\MainScene\Turn\TurnUIRenderingStage.h">
      <Filter>SceneSwitcher\Scene\MainScene\Turn</Filter>
    </ClInclude>
    <ClInclude Include="SceneSwitcher\Scene\MainScene\Step\Step.h">
      <Filter>SceneSwitcher\Scene\MainScene\Step</Filter>
    </ClInclude>
    <ClInclude Include="SceneSwitcher\Scene\MainScene\Step\StepSwitcher.h">
      <Filter>SceneSwitcher\Scene\MainScene\Step</Filter>
    </ClInclude>
    <ClInclude Include="SceneSwitcher\Scene\MainScene\Step\BattlePreparingStep.h">
      <Filter>SceneSwitcher\Scene\MainScene\Step</Filter>
    </ClInclude>
    <ClInclude Include="SceneSwitcher\Scene\MainScene\Step\BattleStep.h">
      <Filter>SceneSwitcher\Scene\MainScene\Step</Filter>
    </ClInclude>
    <ClInclude Include="SceneSwitcher\Scene\MainScene\Step\ResultStep.h">
      <Filter>SceneSwitcher\Scene\MainScene\Step</Filter>
    </ClInclude>
    <ClInclude Include="SceneSwitcher\Scene\MainScene\MainScene.h">
      <Filter>SceneSwitcher\Scene\MainScene</Filter>
    </ClInclude>
    <ClInclude Include="SceneSwitcher\Scene\MainScene\Step\PlayersInformationRenderingStep\PlayerIcon.h">
      <Filter>SceneSwitcher\Scene\MainScene\Step\PlayerInformationRenderingStep</Filter>
    </ClInclude>
    <ClInclude Include="SceneSwitcher\Scene\MainScene\Step\PlayersInformationRenderingStep\PlayersInformationRenderingStep.h">
      <Filter>SceneSwitcher\Scene\MainScene\Step\PlayerInformationRenderingStep</Filter>
    </ClInclude>
    <ClInclude Include="SceneSwitcher\Scene\MainScene\Field\Field.h">
      <Filter>SceneSwitcher\Scene\MainScene\Field</Filter>
    </ClInclude>
    <ClInclude Include="SceneSwitcher\Scene\MainScene\Field\FollowerOrderMediator.h">
      <Filter>SceneSwitcher\Scene\MainScene\Field</Filter>
    </ClInclude>
    <ClInclude Include="SceneSwitcher\Scene\MainScene\Field\RotationOrderMediator.h">
      <Filter>SceneSwitcher\Scene\MainScene\Field</Filter>
    </ClInclude>
    <ClInclude Include="SceneSwitcher\Scene\MainScene\HP\HP.h">
      <Filter>SceneSwitcher\Scene\MainScene\HP</Filter>
    </ClInclude>
    <ClInclude Include="SceneSwitcher\Scene\MainScene\MP\MP.h">
      <Filter>SceneSwitcher\Scene\MainScene\MP</Filter>
    </ClInclude>
    <ClInclude Include="Card\Card.h">
      <Filter>Card</Filter>
    </ClInclude>
    <ClInclude Include="SceneSwitcher\Scene\MainScene\Hand\Hand.h">
      <Filter>SceneSwitcher\Scene\MainScene\Hand</Filter>
    </ClInclude>
    <ClInclude Include="SceneSwitcher\Scene\MainScene\Deck\Deck.h">
      <Filter>SceneSwitcher\Scene\MainScene\Deck</Filter>
    </ClInclude>
    <ClInclude Include="SceneSwitcher\Scene\MainScene\Cemetery\Cemetery.h">
      <Filter>SceneSwitcher\Scene\MainScene\Cemetery</Filter>
    </ClInclude>
    <ClInclude Include="SceneSwitcher\Scene\MainScene\BattlePlayer\BattlePlayer.h">
      <Filter>SceneSwitcher\Scene\MainScene\BattlePlayer</Filter>
    </ClInclude>
    <ClInclude Include="SceneSwitcher\Scene\MainScene\BattleObject.h">
      <Filter>SceneSwitcher\Scene\MainScene</Filter>
    </ClInclude>
    <ClInclude Include="Card\Follower\Follower.h">
      <Filter>Card\Follower</Filter>
    </ClInclude>
    <ClInclude Include="Card\Spell\Spell.h">
      <Filter>Card\Spell</Filter>
    </ClInclude>
    <ClInclude Include="Card\Weapon\Weapon.h">
      <Filter>Card\Weapon</Filter>
    </ClInclude>
    <ClInclude Include="SceneSwitcher\Scene\MainScene\BattleEnums.h">
      <Filter>SceneSwitcher\Scene\MainScene</Filter>
    </ClInclude>
    <ClInclude Include="SceneSwitcher\Scene\MainScene\RotationTickets\RotationTickets.h">
      <Filter>SceneSwitcher\Scene\MainScene\RotationTickets</Filter>
    </ClInclude>
    <ClInclude Include="SceneSwitcher\Scene\MainScene\MovableCard\MovableCard.h">
      <Filter>SceneSwitcher\Scene\MainScene\MovableCard</Filter>
    </ClInclude>
    <ClInclude Include="SceneSwitcher\Scene\MainScene\BattlePlayer\OpponentPlayer.h">
      <Filter>SceneSwitcher\Scene\MainScene\BattlePlayer</Filter>
    </ClInclude>
    <ClInclude Include="SceneSwitcher\Scene\MainScene\BattlePlayer\Players.h">
      <Filter>SceneSwitcher\Scene\MainScene\BattlePlayer</Filter>
    </ClInclude>
    <ClInclude Include="Card\CardFolder.h">
      <Filter>Card</Filter>
    </ClInclude>
    <ClInclude Include="GraphicEffects\ClickEffect.h">
      <Filter>GraphicEffects</Filter>
    </ClInclude>
    <ClInclude Include="GraphicEffects\Cursor.h">
      <Filter>GraphicEffects</Filter>
    </ClInclude>
    <ClInclude Include="GraphicEffects\HoldEffect.h">
      <Filter>GraphicEffects</Filter>
    </ClInclude>
    <ClInclude Include="SceneSwitcher\Scene\MainScene\WeaponHolder\WeaponHolder.h">
      <Filter>SceneSwitcher\Scene\MainScene\WeaponHolder</Filter>
    </ClInclude>
    <ClInclude Include="SceneSwitcher\Scene\MainScene\CardTransporter\CardTransporterBase.h">
      <Filter>SceneSwitcher\Scene\MainScene\CardTransporter</Filter>
    </ClInclude>
    <ClInclude Include="Card\Ability\Ability.h">
      <Filter>Card\Ability</Filter>
    </ClInclude>
    <ClInclude Include="Card\Ability\CardAbilityMediator.h">
      <Filter>Card\Ability</Filter>
    </ClInclude>
    <ClInclude Include="Card\Ability\AbilityExecutor.h">
      <Filter>Card\Ability</Filter>
    </ClInclude>
    <ClInclude Include="SceneSwitcher\Scene\DeckEditScene\DeckEditScene.h">
      <Filter>SceneSwitcher\Scene\DeckEditScene</Filter>
    </ClInclude>
    <ClInclude Include="SceneSwitcher\Scene\HomeScene\MenuWindow.h">
      <Filter>SceneSwitcher\Scene\HomeScene</Filter>
    </ClInclude>
    <ClInclude Include="SceneSwitcher\Scene\DeckEditScene\EditDeck\EditDeck.h">
      <Filter>SceneSwitcher\Scene\DeckEditScene\EditDeck</Filter>
    </ClInclude>
    <ClInclude Include="SceneSwitcher\Scene\DeckEditScene\HavingCards\HavingCards.h">
      <Filter>SceneSwitcher\Scene\DeckEditScene\HavingCards</Filter>
    </ClInclude>
    <ClInclude Include="GraphicEffects\Behavior\Move.h">
      <Filter>GraphicEffects\Behavior</Filter>
    </ClInclude>
    <ClInclude Include="GraphicEffects\AttackEffect.h">
      <Filter>GraphicEffects</Filter>
    </ClInclude>
    <ClInclude Include="GraphicEffects\Part\SquareMoveToDest.h">
      <Filter>GraphicEffects\Part</Filter>
    </ClInclude>
    <ClInclude Include="Shader\Shader.h">
      <Filter>Shader</Filter>
    </ClInclude>
    <ClInclude Include="GraphicEffects\SummonEffect.h">
      <Filter>GraphicEffects</Filter>
    </ClInclude>
    <ClInclude Include="GraphicEffects\Part\ScalingFlashSquare.h">
      <Filter>GraphicEffects\Part</Filter>
    </ClInclude>
    <ClInclude Include="SceneSwitcher\Scene\MainScene\BattleActionExecutor.h">
      <Filter>SceneSwitcher\Scene\MainScene</Filter>
    </ClInclude>
    <ClInclude Include="SceneSwitcher\Scene\MainScene\BattleInformation.h">
      <Filter>SceneSwitcher\Scene\MainScene</Filter>
    </ClInclude>
    <ClInclude Include="Card\Ability\AbilityTextController.h">
      <Filter>Card\Ability</Filter>
    </ClInclude>
    <ClInclude Include="GraphicEffects\Behavior\LocaleOnCircumference.h">
      <Filter>GraphicEffects\Behavior</Filter>
    </ClInclude>
    <ClInclude Include="GraphicEffects\Part\ScalingFlashAbsorbedSquare.h">
      <Filter>GraphicEffects\Part</Filter>
    </ClInclude>
    <ClInclude Include="GraphicEffects\MovingEffect.h">
      <Filter>GraphicEffects</Filter>
    </ClInclude>
  </ItemGroup>
  <ItemGroup>
    <ClCompile Include="SceneSwitcher\SceneSwitcher.cpp">
      <Filter>SceneSwitcher</Filter>
    </ClCompile>
    <ClCompile Include="SceneSwitcher\Scene\Scene.cpp">
      <Filter>SceneSwitcher\Scene</Filter>
    </ClCompile>
    <ClCompile Include="Main\Main.cpp">
      <Filter>Main</Filter>
    </ClCompile>
    <ClCompile Include="ObjectIntegrator\ObjectIntegrator.cpp">
      <Filter>ObjectIntegrator</Filter>
    </ClCompile>
    <ClCompile Include="ObjectIntegrator\Object\Object.cpp">
      <Filter>Object</Filter>
    </ClCompile>
    <ClCompile Include="ObjectIntegrator\Object\Task.cpp">
      <Filter>Object</Filter>
    </ClCompile>
    <ClCompile Include="ObjectIntegrator\TaskScheduler.cpp">
      <Filter>ObjectIntegrator</Filter>
    </ClCompile>
    <ClCompile Include="SceneSwitcher\Scene\TitleScene\TitleScene.cpp">
      <Filter>SceneSwitcher\Scene\TitleScene</Filter>
    </ClCompile>
    <ClCompile Include="SceneSwitcher\Scene\TitleScene\TeamLogo.cpp">
      <Filter>SceneSwitcher\Scene\TitleScene</Filter>
    </ClCompile>
    <ClCompile Include="SceneSwitcher\Scene\TitleScene\GameTitle.cpp">
      <Filter>SceneSwitcher\Scene\TitleScene</Filter>
    </ClCompile>
    <ClCompile Include="SceneSwitcher\Scene\TitleScene\GameTitleStar.cpp">
      <Filter>SceneSwitcher\Scene\TitleScene</Filter>
    </ClCompile>
    <ClCompile Include="SceneSwitcher\Scene\TitleScene\TitleBack.cpp">
      <Filter>SceneSwitcher\Scene\TitleScene</Filter>
    </ClCompile>
    <ClCompile Include="SceneSwitcher\Scene\TitleScene\InputPrompt.cpp">
      <Filter>SceneSwitcher\Scene\TitleScene</Filter>
    </ClCompile>
    <ClCompile Include="SceneSwitcher\Scene\HomeScene\HomeScene.cpp">
      <Filter>SceneSwitcher\Scene\HomeScene</Filter>
    </ClCompile>
    <ClCompile Include="SceneSwitcher\Scene\HomeScene\HomeBack.cpp">
      <Filter>SceneSwitcher\Scene\HomeScene</Filter>
    </ClCompile>
    <ClCompile Include="SceneSwitcher\Scene\HomeScene\MenuButton.cpp">
      <Filter>SceneSwitcher\Scene\HomeScene</Filter>
    </ClCompile>
    <ClCompile Include="SceneSwitcher\Scene\HomeScene\DeckButton.cpp">
      <Filter>SceneSwitcher\Scene\HomeScene</Filter>
    </ClCompile>
    <ClCompile Include="SceneSwitcher\Scene\HomeScene\PlayerName.cpp">
      <Filter>SceneSwitcher\Scene\HomeScene</Filter>
    </ClCompile>
    <ClCompile Include="SceneSwitcher\Scene\HomeScene\ConnectButton.cpp">
      <Filter>SceneSwitcher\Scene\HomeScene</Filter>
    </ClCompile>
    <ClCompile Include="SceneSwitcher\Scene\HomeScene\CPUButton.cpp">
      <Filter>SceneSwitcher\Scene\HomeScene</Filter>
    </ClCompile>
    <ClCompile Include="SceneSwitcher\Scene\HomeScene\Player.cpp">
      <Filter>SceneSwitcher\Scene\HomeScene</Filter>
    </ClCompile>
    <ClCompile Include="SwitcherBase\KindBase.cpp">
      <Filter>SwitcherBase</Filter>
    </ClCompile>
    <ClCompile Include="SceneSwitcher\Scene\MainScene\Phase\PhaseSwitcher.cpp">
      <Filter>SceneSwitcher\Scene\MainScene\Phase</Filter>
    </ClCompile>
    <ClCompile Include="SceneSwitcher\Scene\MainScene\Phase\Phase.cpp">
      <Filter>SceneSwitcher\Scene\MainScene\Phase</Filter>
    </ClCompile>
    <ClCompile Include="SceneSwitcher\Scene\MainScene\Phase\DrawPhase.cpp">
      <Filter>SceneSwitcher\Scene\MainScene\Phase</Filter>
    </ClCompile>
    <ClCompile Include="SceneSwitcher\Scene\MainScene\Phase\MainPhase.cpp">
      <Filter>SceneSwitcher\Scene\MainScene\Phase</Filter>
    </ClCompile>
    <ClCompile Include="Button\Button.cpp">
      <Filter>Button</Filter>
    </ClCompile>
    <ClCompile Include="SceneSwitcher\Scene\MainScene\Phase\EndPhase.cpp">
      <Filter>SceneSwitcher\Scene\MainScene\Phase</Filter>
    </ClCompile>
    <ClCompile Include="SceneSwitcher\Scene\MainScene\Turn\Turn.cpp">
      <Filter>SceneSwitcher\Scene\MainScene\Turn</Filter>
    </ClCompile>
    <ClCompile Include="SceneSwitcher\Scene\MainScene\Turn\TurnStage.cpp">
      <Filter>SceneSwitcher\Scene\MainScene\Turn</Filter>
    </ClCompile>
    <ClCompile Include="SceneSwitcher\Scene\MainScene\Turn\TurnUIRenderingStage.cpp">
      <Filter>SceneSwitcher\Scene\MainScene\Turn</Filter>
    </ClCompile>
    <ClCompile Include="SceneSwitcher\Scene\MainScene\Step\Step.cpp">
      <Filter>SceneSwitcher\Scene\MainScene\Step</Filter>
    </ClCompile>
    <ClCompile Include="SceneSwitcher\Scene\MainScene\Step\StepSwitcher.cpp">
      <Filter>SceneSwitcher\Scene\MainScene\Step</Filter>
    </ClCompile>
    <ClCompile Include="SceneSwitcher\Scene\MainScene\Step\BattleStep.cpp">
      <Filter>SceneSwitcher\Scene\MainScene\Step</Filter>
    </ClCompile>
    <ClCompile Include="SceneSwitcher\Scene\MainScene\Step\ResultStep.cpp">
      <Filter>SceneSwitcher\Scene\MainScene\Step</Filter>
    </ClCompile>
    <ClCompile Include="SceneSwitcher\Scene\MainScene\MainScene.cpp">
      <Filter>SceneSwitcher\Scene\MainScene</Filter>
    </ClCompile>
    <ClCompile Include="SceneSwitcher\Scene\MainScene\Turn\PhaseOperationStage.cpp">
      <Filter>SceneSwitcher\Scene\MainScene\Turn</Filter>
    </ClCompile>
    <ClCompile Include="SceneSwitcher\Scene\MainScene\Step\PlayersInformationRenderingStep\PlayerIcon.cpp">
      <Filter>SceneSwitcher\Scene\MainScene\Step\PlayerInformationRenderingStep</Filter>
    </ClCompile>
    <ClCompile Include="SceneSwitcher\Scene\MainScene\Step\PlayersInformationRenderingStep\PlayersInformationRenderingStep.cpp">
      <Filter>SceneSwitcher\Scene\MainScene\Step\PlayerInformationRenderingStep</Filter>
    </ClCompile>
    <ClCompile Include="SceneSwitcher\Scene\MainScene\Field\Field.cpp">
      <Filter>SceneSwitcher\Scene\MainScene\Field</Filter>
    </ClCompile>
    <ClCompile Include="SceneSwitcher\Scene\MainScene\Field\FollowerOrderMediator.cpp">
      <Filter>SceneSwitcher\Scene\MainScene\Field</Filter>
    </ClCompile>
    <ClCompile Include="SceneSwitcher\Scene\MainScene\Field\RotationOrderMediator.cpp">
      <Filter>SceneSwitcher\Scene\MainScene\Field</Filter>
    </ClCompile>
    <ClCompile Include="SceneSwitcher\Scene\MainScene\HP\HP.cpp">
      <Filter>SceneSwitcher\Scene\MainScene\HP</Filter>
    </ClCompile>
    <ClCompile Include="SceneSwitcher\Scene\MainScene\MP\MP.cpp">
      <Filter>SceneSwitcher\Scene\MainScene\MP</Filter>
    </ClCompile>
    <ClCompile Include="SceneSwitcher\Scene\MainScene\Hand\Hand.cpp">
      <Filter>SceneSwitcher\Scene\MainScene\Hand</Filter>
    </ClCompile>
    <ClCompile Include="SceneSwitcher\Scene\MainScene\Deck\Deck.cpp">
      <Filter>SceneSwitcher\Scene\MainScene\Deck</Filter>
    </ClCompile>
    <ClCompile Include="SceneSwitcher\Scene\MainScene\Cemetery\Cemetery.cpp">
      <Filter>SceneSwitcher\Scene\MainScene\Cemetery</Filter>
    </ClCompile>
    <ClCompile Include="SceneSwitcher\Scene\MainScene\BattlePlayer\BattlePlayer.cpp">
      <Filter>SceneSwitcher\Scene\MainScene\BattlePlayer</Filter>
    </ClCompile>
    <ClCompile Include="Card\Card.cpp">
      <Filter>Card</Filter>
    </ClCompile>
    <ClCompile Include="Card\Follower\Follower.cpp">
      <Filter>Card\Follower</Filter>
    </ClCompile>
    <ClCompile Include="Card\Spell\Spell.cpp">
      <Filter>Card\Spell</Filter>
    </ClCompile>
    <ClCompile Include="Card\Weapon\Weapon.cpp">
      <Filter>Card\Weapon</Filter>
    </ClCompile>
    <ClCompile Include="SceneSwitcher\Scene\MainScene\BattleEnums.cpp">
      <Filter>SceneSwitcher\Scene\MainScene</Filter>
    </ClCompile>
    <ClCompile Include="SceneSwitcher\Scene\MainScene\Step\BattlePreparingStep.cpp">
      <Filter>SceneSwitcher\Scene\MainScene\Step</Filter>
    </ClCompile>
    <ClCompile Include="SceneSwitcher\Scene\MainScene\RotationTickets\RotationTickets.cpp">
      <Filter>SceneSwitcher\Scene\MainScene\RotationTickets</Filter>
    </ClCompile>
    <ClCompile Include="SceneSwitcher\Scene\MainScene\MovableCard\MovableCard.cpp">
      <Filter>SceneSwitcher\Scene\MainScene\MovableCard</Filter>
    </ClCompile>
    <ClCompile Include="SceneSwitcher\Scene\MainScene\BattlePlayer\OpponentPlayer.cpp">
      <Filter>SceneSwitcher\Scene\MainScene\BattlePlayer</Filter>
    </ClCompile>
    <ClCompile Include="SceneSwitcher\Scene\MainScene\BattlePlayer\Players.cpp">
      <Filter>SceneSwitcher\Scene\MainScene\BattlePlayer</Filter>
    </ClCompile>
    <ClCompile Include="Card\CardFolder.cpp">
      <Filter>Card</Filter>
    </ClCompile>
    <ClCompile Include="SceneSwitcher\Scene\MainScene\BattleObject.cpp">
      <Filter>SceneSwitcher\Scene\MainScene</Filter>
    </ClCompile>
    <ClCompile Include="GraphicEffects\ClickEffect.cpp">
      <Filter>GraphicEffects</Filter>
    </ClCompile>
    <ClCompile Include="GraphicEffects\Cursor.cpp">
      <Filter>GraphicEffects</Filter>
    </ClCompile>
    <ClCompile Include="GraphicEffects\HoldEffect.cpp">
      <Filter>GraphicEffects</Filter>
    </ClCompile>
    <ClCompile Include="SceneSwitcher\Scene\MainScene\WeaponHolder\WeaponHolder.cpp">
      <Filter>SceneSwitcher\Scene\MainScene\WeaponHolder</Filter>
    </ClCompile>
    <ClCompile Include="SceneSwitcher\Scene\MainScene\CardTransporter\CardTransporterBase.cpp">
      <Filter>SceneSwitcher\Scene\MainScene\CardTransporter</Filter>
    </ClCompile>
    <ClCompile Include="Card\Ability\Ability.cpp">
      <Filter>Card\Ability</Filter>
    </ClCompile>
    <ClCompile Include="Card\Ability\CardAbilityMediator.cpp">
      <Filter>Card\Ability</Filter>
    </ClCompile>
    <ClCompile Include="Card\Ability\AbilityExecutor.cpp">
      <Filter>Card\Ability</Filter>
    </ClCompile>
    <ClCompile Include="SceneSwitcher\Scene\DeckEditScene\DeckEditScene.cpp">
      <Filter>SceneSwitcher\Scene\DeckEditScene</Filter>
    </ClCompile>
    <ClCompile Include="SceneSwitcher\Scene\DeckEditScene\EditDeck\EditDeck.cpp">
      <Filter>SceneSwitcher\Scene\DeckEditScene\EditDeck</Filter>
    </ClCompile>
    <ClCompile Include="SceneSwitcher\Scene\DeckEditScene\HavingCards\HavingCards.cpp">
      <Filter>SceneSwitcher\Scene\DeckEditScene\HavingCards</Filter>
    </ClCompile>
    <ClCompile Include="GraphicEffects\Behavior\Move.cpp">
      <Filter>GraphicEffects\Behavior</Filter>
    </ClCompile>
    <ClCompile Include="GraphicEffects\AttackEffect.cpp">
      <Filter>GraphicEffects</Filter>
    </ClCompile>
    <ClCompile Include="GraphicEffects\Part\SquareMoveToDest.cpp">
      <Filter>GraphicEffects\Part</Filter>
    </ClCompile>
    <ClCompile Include="Shader\Shader.cpp">
      <Filter>Shader</Filter>
    </ClCompile>
    <ClCompile Include="GraphicEffects\SummonEffect.cpp">
      <Filter>GraphicEffects</Filter>
    </ClCompile>
    <ClCompile Include="GraphicEffects\Part\ScalingFlashSquare.cpp">
      <Filter>GraphicEffects\Part</Filter>
    </ClCompile>
    <ClCompile Include="SceneSwitcher\Scene\MainScene\BattleActionExecutor.cpp">
      <Filter>SceneSwitcher\Scene\MainScene</Filter>
    </ClCompile>
    <ClCompile Include="SceneSwitcher\Scene\MainScene\BattleInformation.cpp">
      <Filter>SceneSwitcher\Scene\MainScene</Filter>
    </ClCompile>
    <ClCompile Include="SceneSwitcher\Scene\HomeScene\MenuWindow.cpp">
      <Filter>SceneSwitcher\Scene\HomeScene</Filter>
    </ClCompile>
    <ClCompile Include="Card\Ability\AbilityTextController.cpp">
      <Filter>Card\Ability</Filter>
    </ClCompile>
    <ClCompile Include="GraphicEffects\Behavior\LocaleOnCircumference.cpp">
      <Filter>GraphicEffects\Behavior</Filter>
    </ClCompile>
    <ClCompile Include="GraphicEffects\Part\ScalingFlashAbsorbedSquare.cpp">
      <Filter>GraphicEffects\Part</Filter>
    </ClCompile>
    <ClCompile Include="GraphicEffects\MovingEffect.cpp">
      <Filter>GraphicEffects</Filter>
    </ClCompile>
  </ItemGroup>
</Project>